{
  "version": 4,
  "terraform_version": "1.2.4",
  "serial": 4,
  "lineage": "932cecbf-0417-aef6-285b-c80f9766aa20",
  "outputs": {},
  "resources": [
    {
      "mode": "data",
      "type": "aws_db_cluster_snapshot",
      "name": "development_final_snapshot",
      "provider": "provider[\"registry.terraform.io/hashicorp/aws\"]",
      "instances": [
        {
          "schema_version": 0,
          "attributes": {
            "allocated_storage": 0,
            "availability_zones": [
              "ap-northeast-1a",
              "ap-northeast-1a",
              "ap-northeast-1c",
              "ap-northeast-1c",
              "ap-northeast-1d",
              "ap-northeast-1d"
            ],
            "db_cluster_identifier": "aurora-cluster-demo",
            "db_cluster_snapshot_arn": "arn:aws:rds:ap-northeast-1:021774663546:cluster-snapshot:rds:aurora-cluster-demo-2022-10-13-07-02",
            "db_cluster_snapshot_identifier": "rds:aurora-cluster-demo-2022-10-13-07-02",
            "engine": "aurora-mysql",
            "engine_version": "5.7.mysql_aurora.2.10.2",
            "id": "rds:aurora-cluster-demo-2022-10-13-07-02",
            "include_public": false,
            "include_shared": false,
            "kms_key_id": "",
            "license_model": "aurora-mysql",
            "most_recent": true,
            "port": 0,
            "snapshot_create_time": "2022-10-13T07:02:04Z",
            "snapshot_type": "automated",
            "source_db_cluster_snapshot_arn": "",
            "status": "available",
            "storage_encrypted": false,
            "tags": {},
            "vpc_id": "vpc-0e398aa010b698725"
          },
          "sensitive_attributes": []
        }
      ]
    },
    {
      "mode": "data",
      "type": "aws_db_subnet_group",
      "name": "database",
      "provider": "provider[\"registry.terraform.io/hashicorp/aws\"]",
      "instances": [
        {
          "schema_version": 0,
          "attributes": {
            "arn": "arn:aws:rds:ap-northeast-1:021774663546:subgrp:main",
            "description": "Managed by Terraform",
            "id": "main",
            "name": "main",
            "status": "Complete",
            "subnet_ids": [
              "subnet-05936a587c5153131",
              "subnet-09c3664a718462507"
            ],
            "supported_network_types": [
              "IPV4"
            ],
            "vpc_id": "vpc-0e398aa010b698725"
          },
          "sensitive_attributes": []
        }
      ]
    },
    {
      "mode": "data",
      "type": "aws_security_group",
      "name": "my-sg",
      "provider": "provider[\"registry.terraform.io/hashicorp/aws\"]",
      "instances": [
        {
          "schema_version": 0,
          "attributes": {
            "arn": "arn:aws:ec2:ap-northeast-1:021774663546:security-group/sg-0cdc69c268a55463f",
            "description": "Allow TLS inbound traffic",
            "filter": null,
            "id": "sg-0cdc69c268a55463f",
            "name": "allow_tls",
            "tags": {
              "Name": "allow_tls"
            },
            "timeouts": null,
            "vpc_id": "vpc-0e398aa010b698725"
          },
          "sensitive_attributes": []
        }
      ]
    },
    {
      "mode": "managed",
      "type": "aws_rds_cluster",
      "name": "aurora",
      "provider": "provider[\"registry.terraform.io/hashicorp/aws\"]",
      "instances": [
        {
          "schema_version": 0,
          "attributes": {
            "allocated_storage": 1,
            "allow_major_version_upgrade": null,
            "apply_immediately": null,
            "arn": "arn:aws:rds:ap-northeast-1:021774663546:cluster:development-cluster",
            "availability_zones": [
              "ap-northeast-1a",
              "ap-northeast-1c",
              "ap-northeast-1d"
            ],
            "backtrack_window": 0,
            "backup_retention_period": 1,
            "cluster_identifier": "development-cluster",
            "cluster_identifier_prefix": null,
            "cluster_members": [],
            "cluster_resource_id": "cluster-WE2J5GGMRDGZIK7SQRXD4AKZT4",
            "copy_tags_to_snapshot": false,
            "database_name": "mydb",
            "db_cluster_instance_class": "",
            "db_cluster_parameter_group_name": "default.aurora-mysql5.7",
            "db_instance_parameter_group_name": null,
            "db_subnet_group_name": "main",
            "deletion_protection": false,
            "enable_global_write_forwarding": false,
            "enable_http_endpoint": false,
            "enabled_cloudwatch_logs_exports": null,
            "endpoint": "development-cluster.cluster-c5yewcbgbx5d.ap-northeast-1.rds.amazonaws.com",
            "engine": "aurora-mysql",
            "engine_mode": "provisioned",
            "engine_version": "5.7.mysql_aurora.2.10.2",
            "engine_version_actual": "5.7.mysql_aurora.2.10.2",
            "final_snapshot_identifier": null,
            "global_cluster_identifier": "",
            "hosted_zone_id": "Z24O6O9L7SGTNB",
            "iam_database_authentication_enabled": false,
            "iam_roles": [],
            "id": "development-cluster",
            "iops": 0,
            "kms_key_id": "",
            "master_password": "admin12345678",
            "master_username": "admin",
            "network_type": "IPV4",
            "port": 3306,
            "preferred_backup_window": "07:00-09:00",
            "preferred_maintenance_window": "tue:16:37-tue:17:07",
            "reader_endpoint": "development-cluster.cluster-ro-c5yewcbgbx5d.ap-northeast-1.rds.amazonaws.com",
            "replication_source_identifier": "",
            "restore_to_point_in_time": [],
            "s3_import": [],
            "scaling_configuration": [],
            "serverlessv2_scaling_configuration": [],
            "skip_final_snapshot": true,
            "snapshot_identifier": "rds:aurora-cluster-demo-2022-10-13-07-02",
            "source_region": null,
            "storage_encrypted": false,
            "storage_type": "",
            "tags": {
              "Name": "Mydatabase"
            },
            "tags_all": {
              "Name": "Mydatabase"
            },
            "timeouts": null,
            "vpc_security_group_ids": [
              "sg-0cdc69c268a55463f"
            ]
          },
          "sensitive_attributes": [],
          "private": "eyJlMmJmYjczMC1lY2FhLTExZTYtOGY4OC0zNDM2M2JjN2M0YzAiOnsiY3JlYXRlIjo3MjAwMDAwMDAwMDAwLCJkZWxldGUiOjcyMDAwMDAwMDAwMDAsInVwZGF0ZSI6NzIwMDAwMDAwMDAwMH19",
          "dependencies": [
            "data.aws_db_cluster_snapshot.development_final_snapshot",
            "data.aws_db_subnet_group.database",
            "data.aws_security_group.my-sg"
          ]
        }
      ]
    },
    {
      "mode": "managed",
      "type": "aws_rds_cluster_instance",
      "name": "aurorainstance",
      "provider": "provider[\"registry.terraform.io/hashicorp/aws\"]",
      "instances": [
        {
          "index_key": 0,
          "schema_version": 0,
          "attributes": {
            "apply_immediately": null,
            "arn": "arn:aws:rds:ap-northeast-1:021774663546:db:aurora-cluster-demo-new-0",
            "auto_minor_version_upgrade": true,
            "availability_zone": "ap-northeast-1c",
            "ca_cert_identifier": "rds-ca-2019",
            "cluster_identifier": "development-cluster",
            "copy_tags_to_snapshot": false,
            "db_parameter_group_name": "default.aurora-mysql5.7",
            "db_subnet_group_name": "main",
            "dbi_resource_id": "db-QIDPST4AMAOTJ6JK3OOLUFWXLU",
            "endpoint": "aurora-cluster-demo-new-0.c5yewcbgbx5d.ap-northeast-1.rds.amazonaws.com",
            "engine": "aurora-mysql",
            "engine_version": "5.7.mysql_aurora.2.10.2",
            "engine_version_actual": "5.7.mysql_aurora.2.10.2",
            "id": "aurora-cluster-demo-new-0",
            "identifier": "aurora-cluster-demo-new-0",
            "identifier_prefix": null,
            "instance_class": "db.t3.medium",
            "kms_key_id": "",
            "monitoring_interval": 0,
            "monitoring_role_arn": "",
            "network_type": "IPV4",
            "performance_insights_enabled": false,
            "performance_insights_kms_key_id": "",
            "performance_insights_retention_period": 0,
            "port": 3306,
            "preferred_backup_window": "07:00-09:00",
            "preferred_maintenance_window": "sun:15:27-sun:15:57",
            "promotion_tier": 0,
            "publicly_accessible": true,
            "storage_encrypted": false,
            "tags": null,
            "tags_all": {},
            "timeouts": null,
            "writer": true
          },
          "sensitive_attributes": [],
          "private": "eyJlMmJmYjczMC1lY2FhLTExZTYtOGY4OC0zNDM2M2JjN2M0YzAiOnsiY3JlYXRlIjo1NDAwMDAwMDAwMDAwLCJkZWxldGUiOjU0MDAwMDAwMDAwMDAsInVwZGF0ZSI6NTQwMDAwMDAwMDAwMH19",
          "dependencies": [
            "aws_rds_cluster.aurora",
            "data.aws_db_cluster_snapshot.development_final_snapshot",
            "data.aws_db_subnet_group.database",
            "data.aws_security_group.my-sg"
          ]
        },
        {
          "index_key": 1,
          "schema_version": 0,
          "attributes": {
            "apply_immediately": null,
            "arn": "arn:aws:rds:ap-northeast-1:021774663546:db:aurora-cluster-demo-new-1",
            "auto_minor_version_upgrade": true,
            "availability_zone": "ap-northeast-1a",
            "ca_cert_identifier": "rds-ca-2019",
            "cluster_identifier": "development-cluster",
            "copy_tags_to_snapshot": false,
            "db_parameter_group_name": "default.aurora-mysql5.7",
            "db_subnet_group_name": "main",
            "dbi_resource_id": "db-6QVMWWCNS2JPKNYPWIE5WLAUCI",
            "endpoint": "aurora-cluster-demo-new-1.c5yewcbgbx5d.ap-northeast-1.rds.amazonaws.com",
            "engine": "aurora-mysql",
            "engine_version": "5.7.mysql_aurora.2.10.2",
            "engine_version_actual": "5.7.mysql_aurora.2.10.2",
            "id": "aurora-cluster-demo-new-1",
            "identifier": "aurora-cluster-demo-new-1",
            "identifier_prefix": null,
            "instance_class": "db.t3.medium",
            "kms_key_id": "",
            "monitoring_interval": 0,
            "monitoring_role_arn": "",
            "network_type": "IPV4",
            "performance_insights_enabled": false,
            "performance_insights_kms_key_id": "",
            "performance_insights_retention_period": 0,
            "port": 3306,
            "preferred_backup_window": "07:00-09:00",
            "preferred_maintenance_window": "tue:16:59-tue:17:29",
            "promotion_tier": 0,
            "publicly_accessible": true,
            "storage_encrypted": false,
            "tags": null,
            "tags_all": {},
            "timeouts": null,
            "writer": false
          },
          "sensitive_attributes": [],
          "private": "eyJlMmJmYjczMC1lY2FhLTExZTYtOGY4OC0zNDM2M2JjN2M0YzAiOnsiY3JlYXRlIjo1NDAwMDAwMDAwMDAwLCJkZWxldGUiOjU0MDAwMDAwMDAwMDAsInVwZGF0ZSI6NTQwMDAwMDAwMDAwMH19",
          "dependencies": [
            "aws_rds_cluster.aurora",
            "data.aws_db_cluster_snapshot.development_final_snapshot",
            "data.aws_db_subnet_group.database",
            "data.aws_security_group.my-sg"
          ]
        }
      ]
    }
  ]
}
